
Microsoft Visual Studio Solution File, Format Version 12.00
# Visual Studio Version 17
VisualStudioVersion = 17.9.34616.47
MinimumVisualStudioVersion = 10.0.40219.1
Project("{8BC9CEB8-8B4A-11D0-8D11-00A0C91BC942}") = "Pertemuan3", "Pertemuan3\Pertemuan3.vcxproj", "{7379E61A-949A-4121-9646-A17D8ED76A60}"
EndProject
Project("{8BC9CEB8-8B4A-11D0-8D11-00A0C91BC942}") = "Pertemuan3.2", "Pertemuan3.2\Pertemuan3.2.vcxproj", "{4CE066C4-2441-42A0-B03E-D7CF2138247C}"
EndProject
Global
	GlobalSection(SolutionConfigurationPlatforms) = preSolution
		Debug|x64 = Debug|x64
		Debug|x86 = Debug|x86
		Release|x64 = Release|x64
		Release|x86 = Release|x86
	EndGlobalSection
	GlobalSection(ProjectConfigurationPlatforms) = postSolution
		{7379E61A-949A-4121-9646-A17D8ED76A60}.Debug|x64.ActiveCfg = Debug|x64
		{7379E61A-949A-4121-9646-A17D8ED76A60}.Debug|x64.Build.0 = Debug|x64
		{7379E61A-949A-4121-9646-A17D8ED76A60}.Debug|x86.ActiveCfg = Debug|Win32
		{7379E61A-949A-4121-9646-A17D8ED76A60}.Debug|x86.Build.0 = Debug|Win32
		{7379E61A-949A-4121-9646-A17D8ED76A60}.Release|x64.ActiveCfg = Release|x64
		{7379E61A-949A-4121-9646-A17D8ED76A60}.Release|x64.Build.0 = Release|x64
		{7379E61A-949A-4121-9646-A17D8ED76A60}.Release|x86.ActiveCfg = Release|Win32
		{7379E61A-949A-4121-9646-A17D8ED76A60}.Release|x86.Build.0 = Release|Win32
		{4CE066C4-2441-42A0-B03E-D7CF2138247C}.Debug|x64.ActiveCfg = Debug|x64
		{4CE066C4-2441-42A0-B03E-D7CF2138247C}.Debug|x64.Build.0 = Debug|x64
		{4CE066C4-2441-42A0-B03E-D7CF2138247C}.Debug|x86.ActiveCfg = Debug|Win32
		{4CE066C4-2441-42A0-B03E-D7CF2138247C}.Debug|x86.Build.0 = Debug|Win32
		{4CE066C4-2441-42A0-B03E-D7CF2138247C}.Release|x64.ActiveCfg = Release|x64
		{4CE066C4-2441-42A0-B03E-D7CF2138247C}.Release|x64.Build.0 = Release|x64
		{4CE066C4-2441-42A0-B03E-D7CF2138247C}.Release|x86.ActiveCfg = Release|Win32
		{4CE066C4-2441-42A0-B03E-D7CF2138247C}.Release|x86.Build.0 = Release|Win32
	EndGlobalSection
	GlobalSection(SolutionProperties) = preSolution
		HideSolutionNode = FALSE
	EndGlobalSection
	GlobalSection(ExtensibilityGlobals) = postSolution
		SolutionGuid = {21D466C6-764C-4736-A0F1-C2CA13B014FB}
	EndGlobalSection
EndGlobal
